
Microsoft Visual Studio Solution File, Format Version 12.00
# Visual Studio Version 17
VisualStudioVersion = 17.13.35806.99 d17.13
MinimumVisualStudioVersion = 10.0.40219.1
Project("{FAE04EC0-301F-11D3-BF4B-00C04F79EFBC}") = "LoanSimulationAPI", "LoanSimulationAPI\LoanSimulationAPI.csproj", "{4CF447B6-5EC9-4B22-8B36-06A14B47E4EE}"
EndProject
Global
	GlobalSection(SolutionConfigurationPlatforms) = preSolution
		Debug|Any CPU = Debug|Any CPU
		Release|Any CPU = Release|Any CPU
	EndGlobalSection
	GlobalSection(ProjectConfigurationPlatforms) = postSolution
		{4CF447B6-5EC9-4B22-8B36-06A14B47E4EE}.Debug|Any CPU.ActiveCfg = Debug|Any CPU
		{4CF447B6-5EC9-4B22-8B36-06A14B47E4EE}.Debug|Any CPU.Build.0 = Debug|Any CPU
		{4CF447B6-5EC9-4B22-8B36-06A14B47E4EE}.Release|Any CPU.ActiveCfg = Release|Any CPU
		{4CF447B6-5EC9-4B22-8B36-06A14B47E4EE}.Release|Any CPU.Build.0 = Release|Any CPU
	EndGlobalSection
	GlobalSection(SolutionProperties) = preSolution
		HideSolutionNode = FALSE
	EndGlobalSection
	GlobalSection(ExtensibilityGlobals) = postSolution
		SolutionGuid = {0F1A4597-F7E8-431B-81D9-A2AE8771D641}
	EndGlobalSection
EndGlobal
